
Microsoft Visual Studio Solution File, Format Version 12.00
# Visual Studio Version 16
VisualStudioVersion = 16.0.31624.102
MinimumVisualStudioVersion = 10.0.40219.1
Project("{FAE04EC0-301F-11D3-BF4B-00C04F79EFBC}") = "calculator", "calculator\calculator.csproj", "{44614931-56B0-49F1-91B0-6660A591BBCE}"
EndProject
Global
	GlobalSection(SolutionConfigurationPlatforms) = preSolution
		Debug|Any CPU = Debug|Any CPU
		Release|Any CPU = Release|Any CPU
	EndGlobalSection
	GlobalSection(ProjectConfigurationPlatforms) = postSolution
		{44614931-56B0-49F1-91B0-6660A591BBCE}.Debug|Any CPU.ActiveCfg = Debug|Any CPU
		{44614931-56B0-49F1-91B0-6660A591BBCE}.Debug|Any CPU.Build.0 = Debug|Any CPU
		{44614931-56B0-49F1-91B0-6660A591BBCE}.Release|Any CPU.ActiveCfg = Release|Any CPU
		{44614931-56B0-49F1-91B0-6660A591BBCE}.Release|Any CPU.Build.0 = Release|Any CPU
	EndGlobalSection
	GlobalSection(SolutionProperties) = preSolution
		HideSolutionNode = FALSE
	EndGlobalSection
	GlobalSection(ExtensibilityGlobals) = postSolution
		SolutionGuid = {DF137FC8-9418-4E11-994C-5D61AF9FA646}
	EndGlobalSection
EndGlobal
